
Microsoft Visual Studio Solution File, Format Version 12.00
# Visual Studio Version 17
VisualStudioVersion = 17.4.33213.308
MinimumVisualStudioVersion = 10.0.40219.1
Project("{9A19103F-16F7-4668-BE54-9A1E7A4F7556}") = "YoggTree", "YoggTree\YoggTree.csproj", "{CB3810F8-BF3C-448C-A16A-BAA53A4AE9EA}"
EndProject
Project("{2150E333-8FDC-42A3-9474-1A3956D46DE8}") = "Solution Items", "Solution Items", "{2240F294-2562-4CC4-9B9D-CD2DCD8F7832}"
	ProjectSection(SolutionItems) = preProject
		..\LICENSE = ..\LICENSE
		..\README.md = ..\README.md
	EndProjectSection
EndProject
Project("{2150E333-8FDC-42A3-9474-1A3956D46DE8}") = "Tests", "Tests", "{49DDE06D-F413-4FAF-B3AB-B2459B8418B7}"
EndProject
Project("{FAE04EC0-301F-11D3-BF4B-00C04F79EFBC}") = "BasicTests", "Tests\BasicTests\BasicTests.csproj", "{8AE64E17-E7E1-44A6-9845-5299731BB7B4}"
EndProject
Global
	GlobalSection(SolutionConfigurationPlatforms) = preSolution
		Debug|Any CPU = Debug|Any CPU
		Release|Any CPU = Release|Any CPU
	EndGlobalSection
	GlobalSection(ProjectConfigurationPlatforms) = postSolution
		{CB3810F8-BF3C-448C-A16A-BAA53A4AE9EA}.Debug|Any CPU.ActiveCfg = Debug|Any CPU
		{CB3810F8-BF3C-448C-A16A-BAA53A4AE9EA}.Debug|Any CPU.Build.0 = Debug|Any CPU
		{CB3810F8-BF3C-448C-A16A-BAA53A4AE9EA}.Release|Any CPU.ActiveCfg = Release|Any CPU
		{CB3810F8-BF3C-448C-A16A-BAA53A4AE9EA}.Release|Any CPU.Build.0 = Release|Any CPU
		{8AE64E17-E7E1-44A6-9845-5299731BB7B4}.Debug|Any CPU.ActiveCfg = Debug|Any CPU
		{8AE64E17-E7E1-44A6-9845-5299731BB7B4}.Debug|Any CPU.Build.0 = Debug|Any CPU
		{8AE64E17-E7E1-44A6-9845-5299731BB7B4}.Release|Any CPU.ActiveCfg = Release|Any CPU
		{8AE64E17-E7E1-44A6-9845-5299731BB7B4}.Release|Any CPU.Build.0 = Release|Any CPU
	EndGlobalSection
	GlobalSection(SolutionProperties) = preSolution
		HideSolutionNode = FALSE
	EndGlobalSection
	GlobalSection(NestedProjects) = preSolution
		{8AE64E17-E7E1-44A6-9845-5299731BB7B4} = {49DDE06D-F413-4FAF-B3AB-B2459B8418B7}
	EndGlobalSection
	GlobalSection(ExtensibilityGlobals) = postSolution
		SolutionGuid = {C6FFE8EE-82B8-4028-AD91-9D6DF7D7FDF3}
	EndGlobalSection
EndGlobal
